<?xml version="1.0" encoding="utf-8"?>
<Project ToolsVersion="4.0" xmlns="http://schemas.microsoft.com/developer/msbuild/2003">
  <ItemGroup>
    <Filter Include="Source Files">
      <UniqueIdentifier>{4FC737F1-C7A5-4376-A066-2A32D752A2FF}</UniqueIdentifier>
      <Extensions>cpp;c;cc;cxx;def;odl;idl;hpj;bat;asm;asmx</Extensions>
    </Filter>
    <Filter Include="Header Files">
      <UniqueIdentifier>{93995380-89BD-4b04-88EB-625FBE52EBFB}</UniqueIdentifier>
      <Extensions>h;hh;hpp;hxx;hm;inl;inc;ipp;xsd</Extensions>
    </Filter>
    <Filter Include="Resource Files">
      <UniqueIdentifier>{67DA6AB6-F800-4c08-8B7A-83BB121AAD01}</UniqueIdentifier>
      <Extensions>rc;ico;cur;bmp;dlg;rc2;rct;bin;rgs;gif;jpg;jpeg;jpe;resx;tiff;tif;png;wav;mfcribbon-ms</Extensions>
    </Filter>
  </ItemGroup>
  <ItemGroup>
    <ClCompile Include="Test.cpp">
      <Filter>Source Files</Filter>
    </ClCompile>
    <ClCompile Include="glad.c">
      <Filter>Source Files</Filter>
    </ClCompile>
    <ClCompile Include="BSPTreeDungeon.cpp">
      <Filter>Source Files</Filter>
    </ClCompile>
    <ClCompile Include="SceneManager.cpp">
      <Filter>Source Files</Filter>
    </ClCompile>
    <ClCompile Include="Scene.cpp">
      <Filter>Source Files</Filter>
    </ClCompile>
    <ClCompile Include="Scenes\ComputeShaderScene.cpp">
      <Filter>Source Files</Filter>
    </ClCompile>
    <ClCompile Include="Scenes\DeferredScene.cpp">
      <Filter>Source Files</Filter>
    </ClCompile>
    <ClCompile Include="Scenes\DungeonScene.cpp">
      <Filter>Source Files</Filter>
    </ClCompile>
    <ClCompile Include="Scenes\MainScene.cpp">
      <Filter>Source Files</Filter>
    </ClCompile>
    <ClCompile Include="Scenes\PointShadowScene.cpp">
      <Filter>Source Files</Filter>
    </ClCompile>
    <ClCompile Include="Scenes\TestScene.cpp">
      <Filter>Source Files</Filter>
    </ClCompile>
    <ClCompile Include="Scenes\TestShadowScene.cpp">
      <Filter>Source Files</Filter>
    </ClCompile>
  </ItemGroup>
  <ItemGroup>
    <ClInclude Include="resource.h">
      <Filter>Header Files</Filter>
    </ClInclude>
    <ClInclude Include="stb_image.h">
      <Filter>Header Files</Filter>
    </ClInclude>
    <ClInclude Include="Camera.h">
      <Filter>Header Files</Filter>
    </ClInclude>
    <ClInclude Include="Mesh.h">
      <Filter>Header Files</Filter>
    </ClInclude>
    <ClInclude Include="Model.h">
      <Filter>Header Files</Filter>
    </ClInclude>
    <ClInclude Include="BSPTreeDungeon.h">
      <Filter>Header Files</Filter>
    </ClInclude>
    <ClInclude Include="Scene.h">
      <Filter>Header Files</Filter>
    </ClInclude>
    <ClInclude Include="Scenes\ComputeShaderScene.h">
      <Filter>Header Files</Filter>
    </ClInclude>
    <ClInclude Include="Scenes\DeferredScene.h">
      <Filter>Header Files</Filter>
    </ClInclude>
    <ClInclude Include="Scenes\DungeonScene.h">
      <Filter>Header Files</Filter>
    </ClInclude>
    <ClInclude Include="Scenes\MainScene.h">
      <Filter>Header Files</Filter>
    </ClInclude>
    <ClInclude Include="Scenes\PointShadowScene.h">
      <Filter>Header Files</Filter>
    </ClInclude>
    <ClInclude Include="Scenes\Scenes.h">
      <Filter>Header Files</Filter>
    </ClInclude>
    <ClInclude Include="Scenes\TestScene.h">
      <Filter>Header Files</Filter>
    </ClInclude>
    <ClInclude Include="Scenes\TestShadowScene.h">
      <Filter>Header Files</Filter>
    </ClInclude>
    <ClInclude Include="SceneManager.h">
      <Filter>Header Files</Filter>
    </ClInclude>
    <ClInclude Include="Resources\Shaders\Shader.h">
      <Filter>Header Files</Filter>
    </ClInclude>
  </ItemGroup>
  <ItemGroup>
    <None Include="Resources\Shaders\Colors.fs">
      <Filter>Resource Files</Filter>
    </None>
    <None Include="Resources\Shaders\Colors.vs">
      <Filter>Resource Files</Filter>
    </None>
    <None Include="Resources\Shaders\Deferred.fs">
      <Filter>Resource Files</Filter>
    </None>
    <None Include="Resources\Shaders\Deferred.vs">
      <Filter>Resource Files</Filter>
    </None>
    <None Include="Resources\Shaders\DeferredLightBox.fs">
      <Filter>Resource Files</Filter>
    </None>
    <None Include="Resources\Shaders\DeferredLightBox.vs">
      <Filter>Resource Files</Filter>
    </None>
    <None Include="Resources\Shaders\DepthShader.fs">
      <Filter>Resource Files</Filter>
    </None>
    <None Include="Resources\Shaders\DepthShader.vs">
      <Filter>Resource Files</Filter>
    </None>
    <None Include="Resources\Shaders\Explode.fs">
      <Filter>Resource Files</Filter>
    </None>
    <None Include="Resources\Shaders\Explode.gs">
      <Filter>Resource Files</Filter>
    </None>
    <None Include="Resources\Shaders\Explode.vs">
      <Filter>Resource Files</Filter>
    </None>
    <None Include="Resources\Shaders\GBuffer.fs">
      <Filter>Resource Files</Filter>
    </None>
    <None Include="Resources\Shaders\GBuffer.vs">
      <Filter>Resource Files</Filter>
    </None>
    <None Include="Resources\Shaders\GeoTutorial.fs">
      <Filter>Resource Files</Filter>
    </None>
    <None Include="Resources\Shaders\GeoTutorial.gs">
      <Filter>Resource Files</Filter>
    </None>
    <None Include="Resources\Shaders\GeoTutorial.vs">
      <Filter>Resource Files</Filter>
    </None>
    <None Include="Resources\Shaders\Lamp.fs">
      <Filter>Resource Files</Filter>
    </None>
    <None Include="Resources\Shaders\Lamp.vs">
      <Filter>Resource Files</Filter>
    </None>
    <None Include="Resources\Shaders\NormalMap.fs">
      <Filter>Resource Files</Filter>
    </None>
    <None Include="Resources\Shaders\NormalMap.vs">
      <Filter>Resource Files</Filter>
    </None>
    <None Include="Resources\Shaders\PointDepth.fs">
      <Filter>Resource Files</Filter>
    </None>
    <None Include="Resources\Shaders\PointDepth.gs">
      <Filter>Resource Files</Filter>
    </None>
    <None Include="Resources\Shaders\PointDepth.vs">
      <Filter>Resource Files</Filter>
    </None>
    <None Include="Resources\Shaders\PointShader.fs">
      <Filter>Resource Files</Filter>
    </None>
    <None Include="Resources\Shaders\PointShader.vs">
      <Filter>Resource Files</Filter>
    </None>
    <None Include="Resources\Shaders\Shader.fs">
      <Filter>Resource Files</Filter>
    </None>
    <None Include="Resources\Shaders\Shader.vs">
      <Filter>Resource Files</Filter>
    </None>
    <None Include="Resources\Shaders\Skybox.fs">
      <Filter>Resource Files</Filter>
    </None>
    <None Include="Resources\Shaders\Skybox.vs">
      <Filter>Resource Files</Filter>
    </None>
    <None Include="Resources\Shaders\Tess.cs">
      <Filter>Resource Files</Filter>
    </None>
    <None Include="Resources\Shaders\Tess.es">
      <Filter>Resource Files</Filter>
    </None>
    <None Include="Resources\Shaders\Tess.fs">
      <Filter>Resource Files</Filter>
    </None>
    <None Include="Resources\Shaders\Tess.gs">
      <Filter>Resource Files</Filter>
    </None>
    <None Include="Resources\Shaders\Tess.vs">
      <Filter>Resource Files</Filter>
    </None>
    <None Include="Resources\Shaders\Text.fs">
      <Filter>Resource Files</Filter>
    </None>
    <None Include="Resources\Shaders\Text.vs">
      <Filter>Resource Files</Filter>
    </None>
  </ItemGroup>
</Project>